# THIS IS AN AUTOGENERATED FILE. DO NOT EDIT THIS FILE DIRECTLY.
# yarn lockfile v1


abbrev@1:
  version "1.1.1"
  resolved "https://registry.yarnpkg.com/abbrev/-/abbrev-1.1.1.tgz#f8f2c887ad10bf67f634f005b6987fed3179aac8"

buffer-equal@~0.0.0:
  version "0.0.2"
  resolved "https://registry.yarnpkg.com/buffer-equal/-/buffer-equal-0.0.2.tgz#ecbb790f568d40098a6242b54805c75805eb938f"

bunker@0.1.X:
  version "0.1.2"
  resolved "https://registry.yarnpkg.com/bunker/-/bunker-0.1.2.tgz#c88992464a8e2a6ede86930375f92b58077ef97c"
  dependencies:
    burrito ">=0.2.5 <0.3"

"burrito@>=0.2.5 <0.3":
  version "0.2.12"
  resolved "https://registry.yarnpkg.com/burrito/-/burrito-0.2.12.tgz#d0d6e6ac81d5e99789c6fa4accb0b0031ea54f6b"
  dependencies:
    traverse "~0.5.1"
    uglify-js "~1.1.1"

charm@0.1.x:
  version "0.1.2"
  resolved "https://registry.yarnpkg.com/charm/-/charm-0.1.2.tgz#06c21eed1a1b06aeb67553cdc53e23274bac2296"

deep-equal@~0.0.0:
  version "0.0.0"
  resolved "https://registry.yarnpkg.com/deep-equal/-/deep-equal-0.0.0.tgz#99679d3bbd047156fcd450d3d01eeb9068691e83"

deep-is@0.1.x:
  version "0.1.3"
  resolved "https://registry.yarnpkg.com/deep-is/-/deep-is-0.1.3.tgz#b369d6fb5dbc13eecf524f91b070feedc357cf34"

difflet@~0.2.0:
  version "0.2.6"
  resolved "https://registry.yarnpkg.com/difflet/-/difflet-0.2.6.tgz#ab23b31f5649b6faa8e3d2acbd334467365ca6fa"
  dependencies:
    charm "0.1.x"
    deep-is "0.1.x"
    traverse "0.6.x"

glob@~3.2.1:
  version "3.2.11"
  resolved "https://registry.yarnpkg.com/glob/-/glob-3.2.11.tgz#4a973f635b9190f715d10987d5c00fd2815ebe3d"
  dependencies:
    inherits "2"
    minimatch "0.3"

inherits@*, inherits@2:
  version "2.0.3"
  resolved "https://registry.yarnpkg.com/inherits/-/inherits-2.0.3.tgz#633c2c83e3da42a502f52466022480f4208261de"

lru-cache@2:
  version "2.7.3"
  resolved "https://registry.yarnpkg.com/lru-cache/-/lru-cache-2.7.3.tgz#6d4524e8b955f95d4f5b58851ce21dd72fb4e952"

minimatch@0.3:
  version "0.3.0"
  resolved "https://registry.yarnpkg.com/minimatch/-/minimatch-0.3.0.tgz#275d8edaac4f1bb3326472089e7949c8394699dd"
  dependencies:
    lru-cache "2"
    sigmund "~1.0.0"

minimist@0.0.8:
  version "0.0.8"
  resolved "https://registry.yarnpkg.com/minimist/-/minimist-0.0.8.tgz#857fcabfc3397d2625b8228262e86aa7a011b05d"

"mkdirp@~0.3 || 0.4 || 0.5":
  version "0.5.1"
  resolved "https://registry.yarnpkg.com/mkdirp/-/mkdirp-0.5.1.tgz#30057438eac6cf7f8c4767f38648d6697d75c903"
  dependencies:
    minimist "0.0.8"

nopt@~2:
  version "2.2.1"
  resolved "https://registry.yarnpkg.com/nopt/-/nopt-2.2.1.tgz#2aa09b7d1768487b3b89a9c5aa52335bff0baea7"
  dependencies:
    abbrev "1"

runforcover@~0.0.2:
  version "0.0.2"
  resolved "https://registry.yarnpkg.com/runforcover/-/runforcover-0.0.2.tgz#344f057d8d45d33aebc6cc82204678f69c4857cc"
  dependencies:
    bunker "0.1.X"

sigmund@~1.0.0:
  version "1.0.1"
  resolved "https://registry.yarnpkg.com/sigmund/-/sigmund-1.0.1.tgz#3ff21f198cad2175f9f3b781853fd94d0d19b590"

slide@*:
  version "1.1.6"
  resolved "https://registry.yarnpkg.com/slide/-/slide-1.1.6.tgz#56eb027d65b4d2dce6cb2e2d32c4d4afc9e1d707"

tap@^0.4.13:
  version "0.4.13"
  resolved "https://registry.yarnpkg.com/tap/-/tap-0.4.13.tgz#3986134d6759727fc2223e61126eeb87243accbc"
  dependencies:
    buffer-equal "~0.0.0"
    deep-equal "~0.0.0"
    difflet "~0.2.0"
    glob "~3.2.1"
    inherits "*"
    mkdirp "~0.3 || 0.4 || 0.5"
    nopt "~2"
    runforcover "~0.0.2"
    slide "*"
    yamlish "*"

traverse@0.6.x:
  version "0.6.6"
  resolved "https://registry.yarnpkg.com/traverse/-/traverse-0.6.6.tgz#cbdf560fd7b9af632502fed40f918c157ea97137"

traverse@~0.5.1:
  version "0.5.2"
  resolved "https://registry.yarnpkg.com/traverse/-/traverse-0.5.2.tgz#e203c58d5f7f0e37db6e74c0acb929bb09b61d85"

uglify-js@~1.1.1:
  version "1.1.1"
  resolved "https://registry.yarnpkg.com/uglify-js/-/uglify-js-1.1.1.tgz#ee71a97c4cefd06a1a9b20437f34118982aa035b"

yamlish@*:
  version "0.0.7"
  resolved "https://registry.yarnpkg.com/yamlish/-/yamlish-0.0.7.tgz#b4af9a1dcc63618873c3d6e451ec3213c39a57fb"
